# THIS IS AN AUTOGENERATED FILE. DO NOT EDIT THIS FILE DIRECTLY.
# yarn lockfile v1


"@babel/code-frame@^7.22.13":
  version "7.24.7"
  resolved "https://registry.yarnpkg.com/@babel/code-frame/-/code-frame-7.24.7.tgz#882fd9e09e8ee324e496bd040401c6f046ef4465"
  integrity sha512-BcYH1CVJBO9tvyIZ2jVeXgSIMvGZ2FDRvDdOIVQyuklNKSsx+eppDEBq/g47Ayw+RqNFE+URvOShmf+f/qwAlA==
  dependencies:
    "@babel/highlight" "^7.24.7"
    picocolors "^1.0.0"

"@babel/helper-validator-identifier@^7.24.7":
  version "7.24.7"
  resolved "https://registry.yarnpkg.com/@babel/helper-validator-identifier/-/helper-validator-identifier-7.24.7.tgz#75b889cfaf9e35c2aaf42cf0d72c8e91719251db"
  integrity sha512-rR+PBcQ1SMQDDyF6X0wxtG8QyLCgUB0eRAGguqRLfkCA87l7yAP7ehq8SNj96OOGTO8OBV70KhuFYcIkHXOg0w==

"@babel/highlight@^7.24.7":
  version "7.24.7"
  resolved "https://registry.yarnpkg.com/@babel/highlight/-/highlight-7.24.7.tgz#a05ab1df134b286558aae0ed41e6c5f731bf409d"
  integrity sha512-EStJpq4OuY8xYfhGVXngigBJRWxftKX9ksiGDnmlY3o7B/V7KIAc9X4oiK87uPJSc/vs5L869bem5fhZa8caZw==
  dependencies:
    "@babel/helper-validator-identifier" "^7.24.7"
    chalk "^2.4.2"
    js-tokens "^4.0.0"
    picocolors "^1.0.0"

"@conventional-changelog/git-client@^1.0.0":
  version "1.0.1"
  resolved "https://registry.yarnpkg.com/@conventional-changelog/git-client/-/git-client-1.0.1.tgz#143be2777ba389c3c14f83fa19b7cab6a49a503b"
  integrity sha512-PJEqBwAleffCMETaVm/fUgHldzBE35JFk3/9LL6NUA5EXa3qednu+UT6M7E5iBu3zIQZCULYIiZ90fBYHt6xUw==
  dependencies:
    "@types/semver" "^7.5.5"
    semver "^7.5.2"

"@hutson/parse-repository-url@^5.0.0":
  version "5.0.0"
  resolved "https://registry.yarnpkg.com/@hutson/parse-repository-url/-/parse-repository-url-5.0.0.tgz#bf344cc75136039bc41bcf5d1ddbcb40405fca3b"
  integrity sha512-e5+YUKENATs1JgYHMzTr2MW/NDcXGfYFAuOQU8gJgF/kEh4EqKgfGrfLI67bMD4tbhZVlkigz/9YYwWcbOFthg==

"@types/normalize-package-data@^2.4.3":
  version "2.4.4"
  resolved "https://registry.yarnpkg.com/@types/normalize-package-data/-/normalize-package-data-2.4.4.tgz#56e2cc26c397c038fab0e3a917a12d5c5909e901"
  integrity sha512-37i+OaWTh9qeK4LSHPsyRC7NahnGotNuZvjLSgcPzblpHB3rrCJxAOgI5gCdKm7coonsaX1Of0ILiTcnZjbfxA==

"@types/semver@^7.5.5":
  version "7.5.8"
  resolved "https://registry.yarnpkg.com/@types/semver/-/semver-7.5.8.tgz#8268a8c57a3e4abd25c165ecd36237db7948a55e"
  integrity sha512-I8EUhyrgfLrcTkzV3TSsGyl1tSuPrEDzr0yd5m90UgNxQkyDXULk3b6MlQqTCpZpNtWe1K0hzclnZkTcLBe2UQ==

"@zeit/schemas@2.36.0":
  version "2.36.0"
  resolved "https://registry.yarnpkg.com/@zeit/schemas/-/schemas-2.36.0.tgz#7a1b53f4091e18d0b404873ea3e3c83589c765f2"
  integrity sha512-7kjMwcChYEzMKjeex9ZFXkt1AyNov9R5HZtjBKVsmVpw7pa7ZtlCGvCBC2vnnXctaYN+aRI61HjIqeetZW5ROg==

accepts@~1.3.5:
  version "1.3.8"
  resolved "https://registry.yarnpkg.com/accepts/-/accepts-1.3.8.tgz#0bf0be125b67014adcb0b0921e62db7bffe16b2e"
  integrity sha512-PYAthTa2m2VKxuvSD3DPC/Gy+U+sOA1LAuT8mkmRuvw+NACSaeXEQ+NHcVF7rONl6qcaxV3Uuemwawk+7+SJLw==
  dependencies:
    mime-types "~2.1.34"
    negotiator "0.6.3"

add-stream@^1.0.0:
  version "1.0.0"
  resolved "https://registry.yarnpkg.com/add-stream/-/add-stream-1.0.0.tgz#6a7990437ca736d5e1288db92bd3266d5f5cb2aa"
  integrity sha512-qQLMr+8o0WC4FZGQTcJiKBVC59JylcPSrTtk6usvmIDFUOCKegapy1VHQwRbFMOFyb/inzUVqHs+eMYKDM1YeQ==

ajv@8.12.0:
  version "8.12.0"
  resolved "https://registry.yarnpkg.com/ajv/-/ajv-8.12.0.tgz#d1a0527323e22f53562c567c00991577dfbe19d1"
  integrity sha512-sRu1kpcO9yLtYxBKvqfTeh9KzZEwO3STyX1HT+4CaDzC6HpTGYhIhPIzj9XuKU7KYDwnaeh5hcOwjy1QuJzBPA==
  dependencies:
    fast-deep-equal "^3.1.1"
    json-schema-traverse "^1.0.0"
    require-from-string "^2.0.2"
    uri-js "^4.2.2"

ansi-align@^3.0.1:
  version "3.0.1"
  resolved "https://registry.yarnpkg.com/ansi-align/-/ansi-align-3.0.1.tgz#0cdf12e111ace773a86e9a1fad1225c43cb19a59"
  integrity sha512-IOfwwBF5iczOjp/WeY4YxyjqAFMQoZufdQWDd19SEExbVLNXqvpzSJ/M7Za4/sCPmQ0+GRquoA7bGcINcxew6w==
  dependencies:
    string-width "^4.1.0"

ansi-regex@^5.0.1:
  version "5.0.1"
  resolved "https://registry.yarnpkg.com/ansi-regex/-/ansi-regex-5.0.1.tgz#082cb2c89c9fe8659a311a53bd6a4dc5301db304"
  integrity sha512-quJQXlTSUGL2LH9SUXo8VwsY4soanhgo6LNSm84E1LBcE8s3O0wpdiRzyR9z/ZZJMlMWv37qOOb9pdJlMUEKFQ==

ansi-regex@^6.0.1:
  version "6.0.1"
  resolved "https://registry.yarnpkg.com/ansi-regex/-/ansi-regex-6.0.1.tgz#3183e38fae9a65d7cb5e53945cd5897d0260a06a"
  integrity sha512-n5M855fKb2SsfMIiFFoVrABHJC8QtHwVx+mHWP3QcEqBHYienj5dHSgjbxtC0WEZXYt4wcD6zrQElDPhFuZgfA==

ansi-styles@^3.2.1:
  version "3.2.1"
  resolved "https://registry.yarnpkg.com/ansi-styles/-/ansi-styles-3.2.1.tgz#41fbb20243e50b12be0f04b8dedbf07520ce841d"
  integrity sha512-VT0ZI6kZRdTh8YyJw3SMbYm/u+NqfsAxEpWO0Pf9sq8/e94WxxOpPKx9FR1FlyCtOVDNOQ+8ntlqFxiRc+r5qA==
  dependencies:
    color-convert "^1.9.0"

ansi-styles@^4.1.0:
  version "4.3.0"
  resolved "https://registry.yarnpkg.com/ansi-styles/-/ansi-styles-4.3.0.tgz#edd803628ae71c04c85ae7a0906edad34b648937"
  integrity sha512-zbB9rCJAT1rbjiVDb2hqKFHNYLxgtk8NURxZ3IZwD3F6NtxbXZQCnnSi1Lkx+IDohdPlFp222wVALIheZJQSEg==
  dependencies:
    color-convert "^2.0.1"

ansi-styles@^6.1.0:
  version "6.2.1"
  resolved "https://registry.yarnpkg.com/ansi-styles/-/ansi-styles-6.2.1.tgz#0e62320cf99c21afff3b3012192546aacbfb05c5"
  integrity sha512-bN798gFfQX+viw3R7yrGWRqnrN2oRkEkUjjl4JNn4E8GxxbjtG3FbrEIIY3l8/hrwUwIeCZvi4QuOTP4MErVug==

arch@^2.2.0:
  version "2.2.0"
  resolved "https://registry.yarnpkg.com/arch/-/arch-2.2.0.tgz#1bc47818f305764f23ab3306b0bfc086c5a29d11"
  integrity sha512-Of/R0wqp83cgHozfIYLbBMnej79U/SVGOOyuB3VVFv1NRM/PSFMK12x9KVtiYzJqmnU5WR2qp0Z5rHb7sWGnFQ==

arg@5.0.2:
  version "5.0.2"
  resolved "https://registry.yarnpkg.com/arg/-/arg-5.0.2.tgz#c81433cc427c92c4dcf4865142dbca6f15acd59c"
  integrity sha512-PYjyFOLKQ9y57JvQ6QLo8dAgNqswh8M1RMJYdQduT6xbWSgK36P/Z/v+p888pM69jMMfS8Xd8F6I1kQ/I9HUGg==

array-ify@^1.0.0:
  version "1.0.0"
  resolved "https://registry.yarnpkg.com/array-ify/-/array-ify-1.0.0.tgz#9e528762b4a9066ad163a6962a364418e9626ece"
  integrity sha512-c5AMf34bKdvPhQ7tBGhqkgKNUzMr4WUs+WDtC2ZUGOUncbxKMTvqxYctiseW3+L4bA8ec+GcZ6/A/FW4m8ukng==

balanced-match@^1.0.0:
  version "1.0.2"
  resolved "https://registry.yarnpkg.com/balanced-match/-/balanced-match-1.0.2.tgz#e83e3a7e3f300b34cb9d87f615fa0cbf357690ee"
  integrity sha512-3oSeUO0TMV67hN1AmbXsK4yaqU7tjiHlbxRDZOpH0KW9+CeX4bRAaX0Anxt0tx2MrpRpWwQaPwIlISEJhYU5Pw==

boxen@7.0.0:
  version "7.0.0"
  resolved "https://registry.yarnpkg.com/boxen/-/boxen-7.0.0.tgz#9e5f8c26e716793fc96edcf7cf754cdf5e3fbf32"
  integrity sha512-j//dBVuyacJbvW+tvZ9HuH03fZ46QcaKvvhZickZqtB271DxJ7SNRSNxrV/dZX0085m7hISRZWbzWlJvx/rHSg==
  dependencies:
    ansi-align "^3.0.1"
    camelcase "^7.0.0"
    chalk "^5.0.1"
    cli-boxes "^3.0.0"
    string-width "^5.1.2"
    type-fest "^2.13.0"
    widest-line "^4.0.1"
    wrap-ansi "^8.0.1"

brace-expansion@^1.1.7:
  version "1.1.11"
  resolved "https://registry.yarnpkg.com/brace-expansion/-/brace-expansion-1.1.11.tgz#3c7fcbf529d87226f3d2f52b966ff5271eb441dd"
  integrity sha512-iCuPHDFgrHX7H2vEI/5xpz07zSHB00TpugqhmYtVmMO6518mCuRMoOYFldEBl0g187ufozdaHgWKcYFb61qGiA==
  dependencies:
    balanced-match "^1.0.0"
    concat-map "0.0.1"

bytes@3.0.0:
  version "3.0.0"
  resolved "https://registry.yarnpkg.com/bytes/-/bytes-3.0.0.tgz#d32815404d689699f85a4ea4fa8755dd13a96048"
  integrity sha512-pMhOfFDPiv9t5jjIXkHosWmkSyQbvsgEVNkz0ERHbuLh2T/7j4Mqqpz523Fe8MVY89KC6Sh/QfS2sM+SjgFDcw==

camelcase@^7.0.0:
  version "7.0.1"
  resolved "https://registry.yarnpkg.com/camelcase/-/camelcase-7.0.1.tgz#f02e50af9fd7782bc8b88a3558c32fd3a388f048"
  integrity sha512-xlx1yCK2Oc1APsPXDL2LdlNP6+uu8OCDdhOBSVT279M/S+y75O30C2VuD8T2ogdePBBl7PfPF4504tnLgX3zfw==

chalk-template@0.4.0:
  version "0.4.0"
  resolved "https://registry.yarnpkg.com/chalk-template/-/chalk-template-0.4.0.tgz#692c034d0ed62436b9062c1707fadcd0f753204b"
  integrity sha512-/ghrgmhfY8RaSdeo43hNXxpoHAtxdbskUHjPpfqUWGttFgycUhYPGx3YZBCnUCvOa7Doivn1IZec3DEGFoMgLg==
  dependencies:
    chalk "^4.1.2"

chalk@5.0.1:
  version "5.0.1"
  resolved "https://registry.yarnpkg.com/chalk/-/chalk-5.0.1.tgz#ca57d71e82bb534a296df63bbacc4a1c22b2a4b6"
  integrity sha512-Fo07WOYGqMfCWHOzSXOt2CxDbC6skS/jO9ynEcmpANMoPrD+W1r1K6Vx7iNm+AQmETU1Xr2t+n8nzkV9t6xh3w==

chalk@^2.4.2:
  version "2.4.2"
  resolved "https://registry.yarnpkg.com/chalk/-/chalk-2.4.2.tgz#cd42541677a54333cf541a49108c1432b44c9424"
  integrity sha512-Mti+f9lpJNcwF4tWV8/OrTTtF1gZi+f8FqlyAdouralcFWFQWF2+NgCHShjkCb+IFBLq9buZwE1xckQU4peSuQ==
  dependencies:
    ansi-styles "^3.2.1"
    escape-string-regexp "^1.0.5"
    supports-color "^5.3.0"

chalk@^4.1.2:
  version "4.1.2"
  resolved "https://registry.yarnpkg.com/chalk/-/chalk-4.1.2.tgz#aac4e2b7734a740867aeb16bf02aad556a1e7a01"
  integrity sha512-oKnbhFyRIXpUuez8iBMmyEa4nbj4IOQyuhc/wy9kY7/WVPcwIO9VA668Pu8RkO7+0G76SLROeyw9CpQ061i4mA==
  dependencies:
    ansi-styles "^4.1.0"
    supports-color "^7.1.0"

chalk@^5.0.1:
  version "5.3.0"
  resolved "https://registry.yarnpkg.com/chalk/-/chalk-5.3.0.tgz#67c20a7ebef70e7f3970a01f90fa210cb6860385"
  integrity sha512-dLitG79d+GV1Nb/VYcCDFivJeK1hiukt9QjRNVOsUtTy1rR1YJsmpGGTZ3qJos+uw7WmWF4wUwBd9jxjocFC2w==

cli-boxes@^3.0.0:
  version "3.0.0"
  resolved "https://registry.yarnpkg.com/cli-boxes/-/cli-boxes-3.0.0.tgz#71a10c716feeba005e4504f36329ef0b17cf3145"
  integrity sha512-/lzGpEWL/8PfI0BmBOPRwp0c/wFNX1RdUML3jK/RcSBA9T8mZDdQpqYBKtCFTOfQbwPqWEOpjqW+Fnayc0969g==

clipboardy@3.0.0:
  version "3.0.0"
  resolved "https://registry.yarnpkg.com/clipboardy/-/clipboardy-3.0.0.tgz#f3876247404d334c9ed01b6f269c11d09a5e3092"
  integrity sha512-Su+uU5sr1jkUy1sGRpLKjKrvEOVXgSgiSInwa/qeID6aJ07yh+5NWc3h2QfjHjBnfX4LhtFcuAWKUsJ3r+fjbg==
  dependencies:
    arch "^2.2.0"
    execa "^5.1.1"
    is-wsl "^2.2.0"

color-convert@^1.9.0:
  version "1.9.3"
  resolved "https://registry.yarnpkg.com/color-convert/-/color-convert-1.9.3.tgz#bb71850690e1f136567de629d2d5471deda4c1e8"
  integrity sha512-QfAUtd+vFdAtFQcC8CCyYt1fYWxSqAiK2cSD6zDB8N3cpsEBAvRxp9zOGg6G/SHHJYAT88/az/IuDGALsNVbGg==
  dependencies:
    color-name "1.1.3"

color-convert@^2.0.1:
  version "2.0.1"
  resolved "https://registry.yarnpkg.com/color-convert/-/color-convert-2.0.1.tgz#72d3a68d598c9bdb3af2ad1e84f21d896abd4de3"
  integrity sha512-RRECPsj7iu/xb5oKYcsFHSppFNnsj/52OVTRKb4zP5onXwVF3zVmmToNcOfGC+CRDpfK/U584fMg38ZHCaElKQ==
  dependencies:
    color-name "~1.1.4"

color-name@1.1.3:
  version "1.1.3"
  resolved "https://registry.yarnpkg.com/color-name/-/color-name-1.1.3.tgz#a7d0558bd89c42f795dd42328f740831ca53bc25"
  integrity sha512-72fSenhMw2HZMTVHeCA9KCmpEIbzWiQsjN+BHcBbS9vr1mtt+vJjPdksIBNUmKAW8TFUDPJK5SUU3QhE9NEXDw==

color-name@~1.1.4:
  version "1.1.4"
  resolved "https://registry.yarnpkg.com/color-name/-/color-name-1.1.4.tgz#c2a09a87acbde69543de6f63fa3995c826c536a2"
  integrity sha512-dOy+3AuW3a2wNbZHIuMZpTcgjGuLU/uBL/ubcZF9OXbDo8ff4O8yVp5Bf0efS8uEoYo5q4Fx7dY9OgQGXgAsQA==

compare-func@^2.0.0:
  version "2.0.0"
  resolved "https://registry.yarnpkg.com/compare-func/-/compare-func-2.0.0.tgz#fb65e75edbddfd2e568554e8b5b05fff7a51fcb3"
  integrity sha512-zHig5N+tPWARooBnb0Zx1MFcdfpyJrfTJ3Y5L+IFvUm8rM74hHz66z0gw0x4tijh5CorKkKUCnW82R2vmpeCRA==
  dependencies:
    array-ify "^1.0.0"
    dot-prop "^5.1.0"

compressible@~2.0.16:
  version "2.0.18"
  resolved "https://registry.yarnpkg.com/compressible/-/compressible-2.0.18.tgz#af53cca6b070d4c3c0750fbd77286a6d7cc46fba"
  integrity sha512-AF3r7P5dWxL8MxyITRMlORQNaOA2IkAFaTr4k7BUumjPtRpGDTZpl0Pb1XCO6JeDCBdp126Cgs9sMxqSjgYyRg==
  dependencies:
    mime-db ">= 1.43.0 < 2"

compression@1.7.4:
  version "1.7.4"
  resolved "https://registry.yarnpkg.com/compression/-/compression-1.7.4.tgz#95523eff170ca57c29a0ca41e6fe131f41e5bb8f"
  integrity sha512-jaSIDzP9pZVS4ZfQ+TzvtiWhdpFhE2RDHz8QJkpX9SIpLq88VueF5jJw6t+6CUQcAoA6t+x89MLrWAqpfDE8iQ==
  dependencies:
    accepts "~1.3.5"
    bytes "3.0.0"
    compressible "~2.0.16"
    debug "2.6.9"
    on-headers "~1.0.2"
    safe-buffer "5.1.2"
    vary "~1.1.2"

concat-map@0.0.1:
  version "0.0.1"
  resolved "https://registry.yarnpkg.com/concat-map/-/concat-map-0.0.1.tgz#d8a96bd77fd68df7793a73036a3ba0d5405d477b"
  integrity sha512-/Srv4dswyQNBfohGpz9o6Yb3Gz3SrUDqBH5rTuhGR7ahtlbYKnVxw2bCFMRljaA7EXHaXZ8wsHdodFvbkhKmqg==

content-disposition@0.5.2:
  version "0.5.2"
  resolved "https://registry.yarnpkg.com/content-disposition/-/content-disposition-0.5.2.tgz#0cf68bb9ddf5f2be7961c3a85178cb85dba78cb4"
  integrity sha512-kRGRZw3bLlFISDBgwTSA1TMBFN6J6GWDeubmDE3AF+3+yXL8hTWv8r5rkLbqYXY4RjPk/EzHnClI3zQf1cFmHA==

conventional-changelog-angular@^8.0.0:
  version "8.0.0"
  resolved "https://registry.yarnpkg.com/conventional-changelog-angular/-/conventional-changelog-angular-8.0.0.tgz#5701386850f0e0c2e630b43ee7821d322d87e7a6"
  integrity sha512-CLf+zr6St0wIxos4bmaKHRXWAcsCXrJU6F4VdNDrGRK3B8LDLKoX3zuMV5GhtbGkVR/LohZ6MT6im43vZLSjmA==
  dependencies:
    compare-func "^2.0.0"

conventional-changelog-atom@^5.0.0:
  version "5.0.0"
  resolved "https://registry.yarnpkg.com/conventional-changelog-atom/-/conventional-changelog-atom-5.0.0.tgz#f3e06e06244bd0aef2e5f09ed590933d948e809c"
  integrity sha512-WfzCaAvSCFPkznnLgLnfacRAzjgqjLUjvf3MftfsJzQdDICqkOOpcMtdJF3wTerxSpv2IAAjX8doM3Vozqle3g==

conventional-changelog-codemirror@^5.0.0:
  version "5.0.0"
  resolved "https://registry.yarnpkg.com/conventional-changelog-codemirror/-/conventional-changelog-codemirror-5.0.0.tgz#994ced326cf358c5e549f5ac59bf3f8cdc09f783"
  integrity sha512-8gsBDI5Y3vrKUCxN6Ue8xr6occZ5nsDEc4C7jO/EovFGozx8uttCAyfhRrvoUAWi2WMm3OmYs+0mPJU7kQdYWQ==

conventional-changelog-conventionalcommits@^8.0.0:
  version "8.0.0"
  resolved "https://registry.yarnpkg.com/conventional-changelog-conventionalcommits/-/conventional-changelog-conventionalcommits-8.0.0.tgz#3fa2857c878701e7f0329db5a1257cb218f166fe"
  integrity sha512-eOvlTO6OcySPyyyk8pKz2dP4jjElYunj9hn9/s0OB+gapTO8zwS9UQWrZ1pmF2hFs3vw1xhonOLGcGjy/zgsuA==
  dependencies:
    compare-func "^2.0.0"

conventional-changelog-core@^8.0.0:
  version "8.0.0"
  resolved "https://registry.yarnpkg.com/conventional-changelog-core/-/conventional-changelog-core-8.0.0.tgz#5166eea9ef58a659fc97b065525f4499a0d3f311"
  integrity sha512-EATUx5y9xewpEe10UEGNpbSHRC6cVZgO+hXQjofMqpy+gFIrcGvH3Fl6yk2VFKh7m+ffenup2N7SZJYpyD9evw==
  dependencies:
    "@hutson/parse-repository-url" "^5.0.0"
    add-stream "^1.0.0"
    conventional-changelog-writer "^8.0.0"
    conventional-commits-parser "^6.0.0"
    git-raw-commits "^5.0.0"
    git-semver-tags "^8.0.0"
    hosted-git-info "^7.0.0"
    normalize-package-data "^6.0.0"
    read-package-up "^11.0.0"
    read-pkg "^9.0.0"

conventional-changelog-ember@^5.0.0:
  version "5.0.0"
  resolved "https://registry.yarnpkg.com/conventional-changelog-ember/-/conventional-changelog-ember-5.0.0.tgz#cca926a68aa9bc2a6370b211906b1dea82564567"
  integrity sha512-RPflVfm5s4cSO33GH/Ey26oxhiC67akcxSKL8CLRT3kQX2W3dbE19sSOM56iFqUJYEwv9mD9r6k79weWe1urfg==

conventional-changelog-eslint@^6.0.0:
  version "6.0.0"
  resolved "https://registry.yarnpkg.com/conventional-changelog-eslint/-/conventional-changelog-eslint-6.0.0.tgz#9d37abcf6ade84031ce01093be7447f2cd73098b"
  integrity sha512-eiUyULWjzq+ybPjXwU6NNRflApDWlPEQEHvI8UAItYW/h22RKkMnOAtfCZxMmrcMO1OKUWtcf2MxKYMWe9zJuw==

conventional-changelog-express@^5.0.0:
  version "5.0.0"
  resolved "https://registry.yarnpkg.com/conventional-changelog-express/-/conventional-changelog-express-5.0.0.tgz#e08fb0f2c27bc5319ce7d8e78c9e9fb99ae1feb5"
  integrity sha512-D8Q6WctPkQpvr2HNCCmwU5GkX22BVHM0r4EW8vN0230TSyS/d6VQJDAxGb84lbg0dFjpO22MwmsikKL++Oo/oQ==

conventional-changelog-jquery@^6.0.0:
  version "6.0.0"
  resolved "https://registry.yarnpkg.com/conventional-changelog-jquery/-/conventional-changelog-jquery-6.0.0.tgz#5b6bd8b4a720363dc6c2162a3f751961c55256b0"
  integrity sha512-2kxmVakyehgyrho2ZHBi90v4AHswkGzHuTaoH40bmeNqUt20yEkDOSpw8HlPBfvEQBwGtbE+5HpRwzj6ac2UfA==

conventional-changelog-jshint@^5.0.0:
  version "5.0.0"
  resolved "https://registry.yarnpkg.com/conventional-changelog-jshint/-/conventional-changelog-jshint-5.0.0.tgz#42bcc629b9c75bb118364754d120ae49fd742b85"
  integrity sha512-gGNphSb/opc76n2eWaO6ma4/Wqu3tpa2w7i9WYqI6Cs2fncDSI2/ihOfMvXveeTTeld0oFvwMVNV+IYQIk3F3g==
  dependencies:
    compare-func "^2.0.0"

conventional-changelog-preset-loader@^5.0.0:
  version "5.0.0"
  resolved "https://registry.yarnpkg.com/conventional-changelog-preset-loader/-/conventional-changelog-preset-loader-5.0.0.tgz#922ad617c13ad3243bef967cfc0f8373893c216d"
  integrity sha512-SetDSntXLk8Jh1NOAl1Gu5uLiCNSYenB5tm0YVeZKePRIgDW9lQImromTwLa3c/Gae298tsgOM+/CYT9XAl0NA==

conventional-changelog-writer@^8.0.0:
  version "8.0.0"
  resolved "https://registry.yarnpkg.com/conventional-changelog-writer/-/conventional-changelog-writer-8.0.0.tgz#81522ed40400a4ca8ab78a42794aae9667c745ae"
  integrity sha512-TQcoYGRatlAnT2qEWDON/XSfnVG38JzA7E0wcGScu7RElQBkg9WWgZd1peCWFcWDh1xfb2CfsrcvOn1bbSzztA==
  dependencies:
    "@types/semver" "^7.5.5"
    conventional-commits-filter "^5.0.0"
    handlebars "^4.7.7"
    meow "^13.0.0"
    semver "^7.5.2"

conventional-changelog@^6.0.0:
  version "6.0.0"
  resolved "https://registry.yarnpkg.com/conventional-changelog/-/conventional-changelog-6.0.0.tgz#ef941d2fde727be20e0f3a342e4e3b235d6e8663"
  integrity sha512-tuUH8H/19VjtD9Ig7l6TQRh+Z0Yt0NZ6w/cCkkyzUbGQTnUEmKfGtkC9gGfVgCfOL1Rzno5NgNF4KY8vR+Jo3w==
  dependencies:
    conventional-changelog-angular "^8.0.0"
    conventional-changelog-atom "^5.0.0"
    conventional-changelog-codemirror "^5.0.0"
    conventional-changelog-conventionalcommits "^8.0.0"
    conventional-changelog-core "^8.0.0"
    conventional-changelog-ember "^5.0.0"
    conventional-changelog-eslint "^6.0.0"
    conventional-changelog-express "^5.0.0"
    conventional-changelog-jquery "^6.0.0"
    conventional-changelog-jshint "^5.0.0"
    conventional-changelog-preset-loader "^5.0.0"

conventional-commits-filter@^5.0.0:
  version "5.0.0"
  resolved "https://registry.yarnpkg.com/conventional-commits-filter/-/conventional-commits-filter-5.0.0.tgz#72811f95d379e79d2d39d5c0c53c9351ef284e86"
  integrity sha512-tQMagCOC59EVgNZcC5zl7XqO30Wki9i9J3acbUvkaosCT6JX3EeFwJD7Qqp4MCikRnzS18WXV3BLIQ66ytu6+Q==

conventional-commits-parser@^6.0.0:
  version "6.0.0"
  resolved "https://registry.yarnpkg.com/conventional-commits-parser/-/conventional-commits-parser-6.0.0.tgz#74e3be5344d8cd99f7c3353da2efa1d1dd618061"
  integrity sha512-TbsINLp48XeMXR8EvGjTnKGsZqBemisPoyWESlpRyR8lif0lcwzqz+NMtYSj1ooF/WYjSuu7wX0CtdeeMEQAmA==
  dependencies:
    meow "^13.0.0"

cross-spawn@^7.0.3:
  version "7.0.3"
  resolved "https://registry.yarnpkg.com/cross-spawn/-/cross-spawn-7.0.3.tgz#f73a85b9d5d41d045551c177e2882d4ac85728a6"
  integrity sha512-iRDPJKUPVEND7dHPO8rkbOnPpyDygcDFtWjpeWNCgy8WP2rXcxXL8TskReQl6OrB2G7+UJrags1q15Fudc7G6w==
  dependencies:
    path-key "^3.1.0"
    shebang-command "^2.0.0"
    which "^2.0.1"

debug@2.6.9:
  version "2.6.9"
  resolved "https://registry.yarnpkg.com/debug/-/debug-2.6.9.tgz#5d128515df134ff327e90a4c93f4e077a536341f"
  integrity sha512-bC7ElrdJaJnPbAP+1EotYvqZsb3ecl5wi6Bfi6BJTUcNowp6cvspg0jXznRTKDjm/E7AdgFBVeAPVMNcKGsHMA==
  dependencies:
    ms "2.0.0"

deep-extend@^0.6.0:
  version "0.6.0"
  resolved "https://registry.yarnpkg.com/deep-extend/-/deep-extend-0.6.0.tgz#c4fa7c95404a17a9c3e8ca7e1537312b736330ac"
  integrity sha512-LOHxIOaPYdHlJRtCQfDIVZtfw/ufM8+rVj649RIHzcm/vGwQRXFt6OPqIFWsm2XEMrNIEtWR64sY1LEKD2vAOA==

dot-prop@^5.1.0:
  version "5.3.0"
  resolved "https://registry.yarnpkg.com/dot-prop/-/dot-prop-5.3.0.tgz#90ccce708cd9cd82cc4dc8c3ddd9abdd55b20e88"
  integrity sha512-QM8q3zDe58hqUqjraQOmzZ1LIH9SWQJTlEKCH4kJ2oQvLZk7RbQXvtDM2XEq3fwkV9CCvvH4LA0AV+ogFsBM2Q==
  dependencies:
    is-obj "^2.0.0"

eastasianwidth@^0.2.0:
  version "0.2.0"
  resolved "https://registry.yarnpkg.com/eastasianwidth/-/eastasianwidth-0.2.0.tgz#696ce2ec0aa0e6ea93a397ffcf24aa7840c827cb"
  integrity sha512-I88TYZWc9XiYHRQ4/3c5rjjfgkjhLyW2luGIheGERbNQ6OY7yTybanSpDXZa8y7VUP9YmDcYa+eyq4ca7iLqWA==

emoji-regex@^8.0.0:
  version "8.0.0"
  resolved "https://registry.yarnpkg.com/emoji-regex/-/emoji-regex-8.0.0.tgz#e818fd69ce5ccfcb404594f842963bf53164cc37"
  integrity sha512-MSjYzcWNOA0ewAHpz0MxpYFvwg6yjy1NG3xteoqz644VCo/RPgnr1/GGt+ic3iJTzQ8Eu3TdM14SawnVUmGE6A==

emoji-regex@^9.2.2:
  version "9.2.2"
  resolved "https://registry.yarnpkg.com/emoji-regex/-/emoji-regex-9.2.2.tgz#840c8803b0d8047f4ff0cf963176b32d4ef3ed72"
  integrity sha512-L18DaJsXSUk2+42pv8mLs5jJT2hqFkFE4j21wOmgbUqsZ2hL72NsUU785g9RXgo3s0ZNgVl42TiHp3ZtOv/Vyg==

escape-string-regexp@^1.0.5:
  version "1.0.5"
  resolved "https://registry.yarnpkg.com/escape-string-regexp/-/escape-string-regexp-1.0.5.tgz#1b61c0562190a8dff6ae3bb2cf0200ca130b86d4"
  integrity sha512-vbRorB5FUQWvla16U8R/qgaFIya2qGzwDrNmCZuYKrbdSUMG6I1ZCGQRefkRVhuOkIGVne7BQ35DSfo1qvJqFg==

execa@^5.1.1:
  version "5.1.1"
  resolved "https://registry.yarnpkg.com/execa/-/execa-5.1.1.tgz#f80ad9cbf4298f7bd1d4c9555c21e93741c411dd"
  integrity sha512-8uSpZZocAZRBAPIEINJj3Lo9HyGitllczc27Eh5YYojjMFMn8yHMDMaUHE2Jqfq05D/wucwI4JGURyXt1vchyg==
  dependencies:
    cross-spawn "^7.0.3"
    get-stream "^6.0.0"
    human-signals "^2.1.0"
    is-stream "^2.0.0"
    merge-stream "^2.0.0"
    npm-run-path "^4.0.1"
    onetime "^5.1.2"
    signal-exit "^3.0.3"
    strip-final-newline "^2.0.0"

fast-deep-equal@^3.1.1:
  version "3.1.3"
  resolved "https://registry.yarnpkg.com/fast-deep-equal/-/fast-deep-equal-3.1.3.tgz#3a7d56b559d6cbc3eb512325244e619a65c6c525"
  integrity sha512-f3qQ9oQy9j2AhBe/H9VC91wLmKBCCU/gDOnKNAYG5hswO7BLKj09Hc5HYNz9cGI++xlpDCIgDaitVs03ATR84Q==

fast-url-parser@1.1.3:
  version "1.1.3"
  resolved "https://registry.yarnpkg.com/fast-url-parser/-/fast-url-parser-1.1.3.tgz#f4af3ea9f34d8a271cf58ad2b3759f431f0b318d"
  integrity sha512-5jOCVXADYNuRkKFzNJ0dCCewsZiYo0dz8QNYljkOpFC6r2U4OBmKtvm/Tsuh4w1YYdDqDb31a8TVhBJ2OJKdqQ==
  dependencies:
    punycode "^1.3.2"

find-up-simple@^1.0.0:
  version "1.0.0"
  resolved "https://registry.yarnpkg.com/find-up-simple/-/find-up-simple-1.0.0.tgz#21d035fde9fdbd56c8f4d2f63f32fd93a1cfc368"
  integrity sha512-q7Us7kcjj2VMePAa02hDAF6d+MzsdsAWEwYyOpwUtlerRBkOEPBCRZrAV4XfcSN8fHAgaD0hP7miwoay6DCprw==

function-bind@^1.1.2:
  version "1.1.2"
  resolved "https://registry.yarnpkg.com/function-bind/-/function-bind-1.1.2.tgz#2c02d864d97f3ea6c8830c464cbd11ab6eab7a1c"
  integrity sha512-7XHNxH7qX9xG5mIwxkhumTox/MIRNcOgDrxWsMt2pAr23WHp6MrRlN7FBSFpCpr+oVO0F744iUgR82nJMfG2SA==

get-stream@^6.0.0:
  version "6.0.1"
  resolved "https://registry.yarnpkg.com/get-stream/-/get-stream-6.0.1.tgz#a262d8eef67aced57c2852ad6167526a43cbf7b7"
  integrity sha512-ts6Wi+2j3jQjqi70w5AlN8DFnkSwC+MqmxEzdEALB2qXZYV3X/b1CTfgPLGJNMeAWxdPfU8FO1ms3NUfaHCPYg==

git-raw-commits@^5.0.0:
  version "5.0.0"
  resolved "https://registry.yarnpkg.com/git-raw-commits/-/git-raw-commits-5.0.0.tgz#38af4301e70c17be03fec01a37a6cd90ce0db04e"
  integrity sha512-I2ZXrXeOc0KrCvC7swqtIFXFN+rbjnC7b2T943tvemIOVNl+XP8YnA9UVwqFhzzLClnSA60KR/qEjLpXzs73Qg==
  dependencies:
    "@conventional-changelog/git-client" "^1.0.0"
    meow "^13.0.0"

git-semver-tags@^8.0.0:
  version "8.0.0"
  resolved "https://registry.yarnpkg.com/git-semver-tags/-/git-semver-tags-8.0.0.tgz#745ee2d934f74c70014d0ed617e18f4712950e32"
  integrity sha512-N7YRIklvPH3wYWAR2vysaqGLPRcpwQ0GKdlqTiVN5w1UmCdaeY3K8s6DMKRCh54DDdzyt/OAB6C8jgVtb7Y2Fg==
  dependencies:
    "@conventional-changelog/git-client" "^1.0.0"
    meow "^13.0.0"

handlebars@^4.7.7:
  version "4.7.8"
  resolved "https://registry.yarnpkg.com/handlebars/-/handlebars-4.7.8.tgz#41c42c18b1be2365439188c77c6afae71c0cd9e9"
  integrity sha512-vafaFqs8MZkRrSX7sFVUdo3ap/eNiLnb4IakshzvP56X5Nr1iGKAIqdX6tMlm6HcNRIkr6AxO5jFEoJzzpT8aQ==
  dependencies:
    minimist "^1.2.5"
    neo-async "^2.6.2"
    source-map "^0.6.1"
    wordwrap "^1.0.0"
  optionalDependencies:
    uglify-js "^3.1.4"

has-flag@^3.0.0:
  version "3.0.0"
  resolved "https://registry.yarnpkg.com/has-flag/-/has-flag-3.0.0.tgz#b5d454dc2199ae225699f3467e5a07f3b955bafd"
  integrity sha512-sKJf1+ceQBr4SMkvQnBDNDtf4TXpVhVGateu0t918bl30FnbE2m4vNLX+VWe/dpjlb+HugGYzW7uQXH98HPEYw==

has-flag@^4.0.0:
  version "4.0.0"
  resolved "https://registry.yarnpkg.com/has-flag/-/has-flag-4.0.0.tgz#944771fd9c81c81265c4d6941860da06bb59479b"
  integrity sha512-EykJT/Q1KjTWctppgIAgfSO0tKVuZUjhgMr17kqTumMl6Afv3EISleU7qZUzoXDFTAHTDC4NOoG/ZxU3EvlMPQ==

hasown@^2.0.0:
  version "2.0.2"
  resolved "https://registry.yarnpkg.com/hasown/-/hasown-2.0.2.tgz#003eaf91be7adc372e84ec59dc37252cedb80003"
  integrity sha512-0hJU9SCPvmMzIBdZFqNPXWa6dqh7WdH0cII9y+CyS8rG3nL48Bclra9HmKhVVUHyPWNH5Y7xDwAB7bfgSjkUMQ==
  dependencies:
    function-bind "^1.1.2"

hosted-git-info@^7.0.0:
  version "7.0.2"
  resolved "https://registry.yarnpkg.com/hosted-git-info/-/hosted-git-info-7.0.2.tgz#9b751acac097757667f30114607ef7b661ff4f17"
  integrity sha512-puUZAUKT5m8Zzvs72XWy3HtvVbTWljRE66cP60bxJzAqf2DgICo7lYTY2IHUmLnNpjYvw5bvmoHvPc0QO2a62w==
  dependencies:
    lru-cache "^10.0.1"

human-signals@^2.1.0:
  version "2.1.0"
  resolved "https://registry.yarnpkg.com/human-signals/-/human-signals-2.1.0.tgz#dc91fcba42e4d06e4abaed33b3e7a3c02f514ea0"
  integrity sha512-B4FFZ6q/T2jhhksgkbEW3HBvWIfDW85snkQgawt07S7J5QXTk6BkNV+0yAeZrM5QpMAdYlocGoljn0sJ/WQkFw==

index-to-position@^0.1.2:
  version "0.1.2"
  resolved "https://registry.yarnpkg.com/index-to-position/-/index-to-position-0.1.2.tgz#e11bfe995ca4d8eddb1ec43274488f3c201a7f09"
  integrity sha512-MWDKS3AS1bGCHLBA2VLImJz42f7bJh8wQsTGCzI3j519/CASStoDONUBVz2I/VID0MpiX3SGSnbOD2xUalbE5g==

ini@~1.3.0:
  version "1.3.8"
  resolved "https://registry.yarnpkg.com/ini/-/ini-1.3.8.tgz#a29da425b48806f34767a4efce397269af28432c"
  integrity sha512-JV/yugV2uzW5iMRSiZAyDtQd+nxtUnjeLt0acNdw98kKLrvuRVyB80tsREOE7yvGVgalhZ6RNXCmEHkUKBKxew==

is-core-module@^2.8.1:
  version "2.13.1"
  resolved "https://registry.yarnpkg.com/is-core-module/-/is-core-module-2.13.1.tgz#ad0d7532c6fea9da1ebdc82742d74525c6273384"
  integrity sha512-hHrIjvZsftOsvKSn2TRYl63zvxsgE0K+0mYMoH6gD4omR5IWB2KynivBQczo3+wF1cCkjzvptnI9Q0sPU66ilw==
  dependencies:
    hasown "^2.0.0"

is-docker@^2.0.0:
  version "2.2.1"
  resolved "https://registry.yarnpkg.com/is-docker/-/is-docker-2.2.1.tgz#33eeabe23cfe86f14bde4408a02c0cfb853acdaa"
  integrity sha512-F+i2BKsFrH66iaUFc0woD8sLy8getkwTwtOBjvs56Cx4CgJDeKQeqfz8wAYiSb8JOprWhHH5p77PbmYCvvUuXQ==

is-fullwidth-code-point@^3.0.0:
  version "3.0.0"
  resolved "https://registry.yarnpkg.com/is-fullwidth-code-point/-/is-fullwidth-code-point-3.0.0.tgz#f116f8064fe90b3f7844a38997c0b75051269f1d"
  integrity sha512-zymm5+u+sCsSWyD9qNaejV3DFvhCKclKdizYaJUuHA83RLjb7nSuGnddCHGv0hk+KY7BMAlsWeK4Ueg6EV6XQg==

is-obj@^2.0.0:
  version "2.0.0"
  resolved "https://registry.yarnpkg.com/is-obj/-/is-obj-2.0.0.tgz#473fb05d973705e3fd9620545018ca8e22ef4982"
  integrity sha512-drqDG3cbczxxEJRoOXcOjtdp1J/lyp1mNn0xaznRs8+muBhgQcrnbspox5X5fOw0HnMnbfDzvnEMEtqDEJEo8w==

is-port-reachable@4.0.0:
  version "4.0.0"
  resolved "https://registry.yarnpkg.com/is-port-reachable/-/is-port-reachable-4.0.0.tgz#dac044091ef15319c8ab2f34604d8794181f8c2d"
  integrity sha512-9UoipoxYmSk6Xy7QFgRv2HDyaysmgSG75TFQs6S+3pDM7ZhKTF/bskZV+0UlABHzKjNVhPjYCLfeZUEg1wXxig==

is-stream@^2.0.0:
  version "2.0.1"
  resolved "https://registry.yarnpkg.com/is-stream/-/is-stream-2.0.1.tgz#fac1e3d53b97ad5a9d0ae9cef2389f5810a5c077"
  integrity sha512-hFoiJiTl63nn+kstHGBtewWSKnQLpyb155KHheA1l39uvtO9nWIop1p3udqPcUd/xbF1VLMO4n7OI6p7RbngDg==

is-wsl@^2.2.0:
  version "2.2.0"
  resolved "https://registry.yarnpkg.com/is-wsl/-/is-wsl-2.2.0.tgz#74a4c76e77ca9fd3f932f290c17ea326cd157271"
  integrity sha512-fKzAra0rGJUUBwGBgNkHZuToZcn+TtXHpeCgmkMJMMYx1sQDYaCSyjJBSCa2nH1DGm7s3n1oBnohoVTBaN7Lww==
  dependencies:
    is-docker "^2.0.0"

isexe@^2.0.0:
  version "2.0.0"
  resolved "https://registry.yarnpkg.com/isexe/-/isexe-2.0.0.tgz#e8fbf374dc556ff8947a10dcb0572d633f2cfa10"
  integrity sha512-RHxMLp9lnKHGHRng9QFhRCMbYAcVpn69smSGcq3f36xjgVVWThj4qqLbTLlq7Ssj8B+fIQ1EuCEGI2lKsyQeIw==

js-tokens@^4.0.0:
  version "4.0.0"
  resolved "https://registry.yarnpkg.com/js-tokens/-/js-tokens-4.0.0.tgz#19203fb59991df98e3a287050d4647cdeaf32499"
  integrity sha512-RdJUflcE3cUzKiMqQgsCu06FPu9UdIJO0beYbPhHN4k6apgJtifcoCtT9bcxOpYBtpD2kCM6Sbzg4CausW/PKQ==

json-schema-traverse@^1.0.0:
  version "1.0.0"
  resolved "https://registry.yarnpkg.com/json-schema-traverse/-/json-schema-traverse-1.0.0.tgz#ae7bcb3656ab77a73ba5c49bf654f38e6b6860e2"
  integrity sha512-NM8/P9n3XjXhIZn1lLhkFaACTOURQXjWhV4BA/RnOv8xvgqtqpAX9IO4mRQxSx1Rlo4tqzeqb0sOlruaOy3dug==

lru-cache@^10.0.1:
  version "10.2.2"
  resolved "https://registry.yarnpkg.com/lru-cache/-/lru-cache-10.2.2.tgz#48206bc114c1252940c41b25b41af5b545aca878"
  integrity sha512-9hp3Vp2/hFQUiIwKo8XCeFVnrg8Pk3TYNPIR7tJADKi5YfcF7vEaK7avFHTlSy3kOKYaJQaalfEo6YuXdceBOQ==

meow@^13.0.0:
  version "13.2.0"
  resolved "https://registry.yarnpkg.com/meow/-/meow-13.2.0.tgz#6b7d63f913f984063b3cc261b6e8800c4cd3474f"
  integrity sha512-pxQJQzB6djGPXh08dacEloMFopsOqGVRKFPYvPOt9XDZ1HasbgDZA74CJGreSU4G3Ak7EFJGoiH2auq+yXISgA==

merge-stream@^2.0.0:
  version "2.0.0"
  resolved "https://registry.yarnpkg.com/merge-stream/-/merge-stream-2.0.0.tgz#52823629a14dd00c9770fb6ad47dc6310f2c1f60"
  integrity sha512-abv/qOcuPfk3URPfDzmZU1LKmuw8kT+0nIHvKrKgFrwifol/doWcdA4ZqsWQ8ENrFKkd67Mfpo/LovbIUsbt3w==

mime-db@1.52.0, "mime-db@>= 1.43.0 < 2":
  version "1.52.0"
  resolved "https://registry.yarnpkg.com/mime-db/-/mime-db-1.52.0.tgz#bbabcdc02859f4987301c856e3387ce5ec43bf70"
  integrity sha512-sPU4uV7dYlvtWJxwwxHD0PuihVNiE7TyAbQ5SWxDCB9mUYvOgroQOwYQQOKPJ8CIbE+1ETVlOoK1UC2nU3gYvg==

mime-db@~1.33.0:
  version "1.33.0"
  resolved "https://registry.yarnpkg.com/mime-db/-/mime-db-1.33.0.tgz#a3492050a5cb9b63450541e39d9788d2272783db"
  integrity sha512-BHJ/EKruNIqJf/QahvxwQZXKygOQ256myeN/Ew+THcAa5q+PjyTTMMeNQC4DZw5AwfvelsUrA6B67NKMqXDbzQ==

mime-types@2.1.18:
  version "2.1.18"
  resolved "https://registry.yarnpkg.com/mime-types/-/mime-types-2.1.18.tgz#6f323f60a83d11146f831ff11fd66e2fe5503bb8"
  integrity sha512-lc/aahn+t4/SWV/qcmumYjymLsWfN3ELhpmVuUFjgsORruuZPVSwAQryq+HHGvO/SI2KVX26bx+En+zhM8g8hQ==
  dependencies:
    mime-db "~1.33.0"

mime-types@~2.1.34:
  version "2.1.35"
  resolved "https://registry.yarnpkg.com/mime-types/-/mime-types-2.1.35.tgz#381a871b62a734450660ae3deee44813f70d959a"
  integrity sha512-ZDY+bPm5zTTF+YpCrAU9nK0UgICYPT0QtT1NZWFv4s++TNkcgVaT0g6+4R2uI4MjQjzysHB1zxuWL50hzaeXiw==
  dependencies:
    mime-db "1.52.0"

mimic-fn@^2.1.0:
  version "2.1.0"
  resolved "https://registry.yarnpkg.com/mimic-fn/-/mimic-fn-2.1.0.tgz#7ed2c2ccccaf84d3ffcb7a69b57711fc2083401b"
  integrity sha512-OqbOk5oEQeAZ8WXWydlu9HJjz9WVdEIvamMCcXmuqUYjTknH/sqsWvhQ3vgwKFRR1HpjvNBKQ37nbJgYzGqGcg==

minimatch@3.1.2:
  version "3.1.2"
  resolved "https://registry.yarnpkg.com/minimatch/-/minimatch-3.1.2.tgz#19cd194bfd3e428f049a70817c038d89ab4be35b"
  integrity sha512-J7p63hRiAjw1NDEww1W7i37+ByIrOWO5XQQAzZ3VOcL0PNybwpfmV/N05zFAzwQ9USyEcX6t3UO+K5aqBQOIHw==
  dependencies:
    brace-expansion "^1.1.7"

minimist@^1.2.0, minimist@^1.2.5:
  version "1.2.8"
  resolved "https://registry.yarnpkg.com/minimist/-/minimist-1.2.8.tgz#c1a464e7693302e082a075cee0c057741ac4772c"
  integrity sha512-2yyAR8qBkN3YuheJanUpWC5U3bb5osDywNB8RzDVlDwDHbocAJveqqj1u8+SVD7jkWT4yvsHCpWqqWqAxb0zCA==

ms@2.0.0:
  version "2.0.0"
  resolved "https://registry.yarnpkg.com/ms/-/ms-2.0.0.tgz#5608aeadfc00be6c2901df5f9861788de0d597c8"
  integrity sha512-Tpp60P6IUJDTuOq/5Z8cdskzJujfwqfOTkrwIwj7IRISpnkJnT6SyJ4PCPnGMoFjC9ddhal5KVIYtAt97ix05A==

negotiator@0.6.3:
  version "0.6.3"
  resolved "https://registry.yarnpkg.com/negotiator/-/negotiator-0.6.3.tgz#58e323a72fedc0d6f9cd4d31fe49f51479590ccd"
  integrity sha512-+EUsqGPLsM+j/zdChZjsnX51g4XrHFOIXwfnCVPGlQk/k5giakcKsuxCObBRu6DSm9opw/O6slWbJdghQM4bBg==

neo-async@^2.6.2:
  version "2.6.2"
  resolved "https://registry.yarnpkg.com/neo-async/-/neo-async-2.6.2.tgz#b4aafb93e3aeb2d8174ca53cf163ab7d7308305f"
  integrity sha512-Yd3UES5mWCSqR+qNT93S3UoYUkqAZ9lLg8a7g9rimsWmYGK8cVToA4/sF3RrshdyV3sAGMXVUmpMYOw+dLpOuw==

normalize-package-data@^6.0.0:
  version "6.0.1"
  resolved "https://registry.yarnpkg.com/normalize-package-data/-/normalize-package-data-6.0.1.tgz#fa69e9452210f0fabf4d79ee08d0c2870c51ed88"
  integrity sha512-6rvCfeRW+OEZagAB4lMLSNuTNYZWLVtKccK79VSTf//yTY5VOCgcpH80O+bZK8Neps7pUnd5G+QlMg1yV/2iZQ==
  dependencies:
    hosted-git-info "^7.0.0"
    is-core-module "^2.8.1"
    semver "^7.3.5"
    validate-npm-package-license "^3.0.4"

npm-run-path@^4.0.1:
  version "4.0.1"
  resolved "https://registry.yarnpkg.com/npm-run-path/-/npm-run-path-4.0.1.tgz#b7ecd1e5ed53da8e37a55e1c2269e0b97ed748ea"
  integrity sha512-S48WzZW777zhNIrn7gxOlISNAqi9ZC/uQFnRdbeIHhZhCA6UqpkOT8T1G7BvfdgP4Er8gF4sUbaS0i7QvIfCWw==
  dependencies:
    path-key "^3.0.0"

on-headers@~1.0.2:
  version "1.0.2"
  resolved "https://registry.yarnpkg.com/on-headers/-/on-headers-1.0.2.tgz#772b0ae6aaa525c399e489adfad90c403eb3c28f"
  integrity sha512-pZAE+FJLoyITytdqK0U5s+FIpjN0JP3OzFi/u8Rx+EV5/W+JTWGXG8xFzevE7AjBfDqHv/8vL8qQsIhHnqRkrA==

onetime@^5.1.2:
  version "5.1.2"
  resolved "https://registry.yarnpkg.com/onetime/-/onetime-5.1.2.tgz#d0e96ebb56b07476df1dd9c4806e5237985ca45e"
  integrity sha512-kbpaSSGJTWdAY5KPVeMOKXSrPtr8C8C7wodJbcsd51jRnmD+GZu8Y0VoU6Dm5Z4vWr0Ig/1NKuWRKf7j5aaYSg==
  dependencies:
    mimic-fn "^2.1.0"

parse-json@^8.0.0:
  version "8.1.0"
  resolved "https://registry.yarnpkg.com/parse-json/-/parse-json-8.1.0.tgz#91cdc7728004e955af9cb734de5684733b24a717"
  integrity sha512-rum1bPifK5SSar35Z6EKZuYPJx85pkNaFrxBK3mwdfSJ1/WKbYrjoW/zTPSjRRamfmVX1ACBIdFAO0VRErW/EA==
  dependencies:
    "@babel/code-frame" "^7.22.13"
    index-to-position "^0.1.2"
    type-fest "^4.7.1"

path-is-inside@1.0.2:
  version "1.0.2"
  resolved "https://registry.yarnpkg.com/path-is-inside/-/path-is-inside-1.0.2.tgz#365417dede44430d1c11af61027facf074bdfc53"
  integrity sha512-DUWJr3+ULp4zXmol/SZkFf3JGsS9/SIv+Y3Rt93/UjPpDpklB5f1er4O3POIbUuUJ3FXgqte2Q7SrU6zAqwk8w==

path-key@^3.0.0, path-key@^3.1.0:
  version "3.1.1"
  resolved "https://registry.yarnpkg.com/path-key/-/path-key-3.1.1.tgz#581f6ade658cbba65a0d3380de7753295054f375"
  integrity sha512-ojmeN0qd+y0jszEtoY48r0Peq5dwMEkIlCOu6Q5f41lfkswXuKtYrhgoTpLnyIcHm24Uhqx+5Tqm2InSwLhE6Q==

path-to-regexp@2.2.1:
  version "2.2.1"
  resolved "https://registry.yarnpkg.com/path-to-regexp/-/path-to-regexp-2.2.1.tgz#90b617025a16381a879bc82a38d4e8bdeb2bcf45"
  integrity sha512-gu9bD6Ta5bwGrrU8muHzVOBFFREpp2iRkVfhBJahwJ6p6Xw20SjT0MxLnwkjOibQmGSYhiUnf2FLe7k+jcFmGQ==

picocolors@^1.0.0:
  version "1.0.1"
  resolved "https://registry.yarnpkg.com/picocolors/-/picocolors-1.0.1.tgz#a8ad579b571952f0e5d25892de5445bcfe25aaa1"
  integrity sha512-anP1Z8qwhkbmu7MFP5iTt+wQKXgwzf7zTyGlcdzabySa9vd0Xt392U0rVmz9poOaBj0uHJKyyo9/upk0HrEQew==

punycode@^1.3.2:
  version "1.4.1"
  resolved "https://registry.yarnpkg.com/punycode/-/punycode-1.4.1.tgz#c0d5a63b2718800ad8e1eb0fa5269c84dd41845e"
  integrity sha512-jmYNElW7yvO7TV33CjSmvSiE2yco3bV2czu/OzDKdMNVZQWfxCblURLhf+47syQRBntjfLdd/H0egrzIG+oaFQ==

punycode@^2.1.0:
  version "2.3.1"
  resolved "https://registry.yarnpkg.com/punycode/-/punycode-2.3.1.tgz#027422e2faec0b25e1549c3e1bd8309b9133b6e5"
  integrity sha512-vYt7UD1U9Wg6138shLtLOvdAu+8DsC/ilFtEVHcH+wydcSpNE20AfSOduf6MkRFahL5FY7X1oU7nKVZFtfq8Fg==

range-parser@1.2.0:
  version "1.2.0"
  resolved "https://registry.yarnpkg.com/range-parser/-/range-parser-1.2.0.tgz#f49be6b487894ddc40dcc94a322f611092e00d5e"
  integrity sha512-kA5WQoNVo4t9lNx2kQNFCxKeBl5IbbSNBl1M/tLkw9WCn+hxNBAW5Qh8gdhs63CJnhjJ2zQWFoqPJP2sK1AV5A==

rc@^1.0.1, rc@^1.1.6:
  version "1.2.8"
  resolved "https://registry.yarnpkg.com/rc/-/rc-1.2.8.tgz#cd924bf5200a075b83c188cd6b9e211b7fc0d3ed"
  integrity sha512-y3bGgqKj3QBdxLbLkomlohkvsA8gdAiUQlSBJnBhfn+BPxg4bc62d8TcBW15wavDfgexCgccckhcZvywyQYPOw==
  dependencies:
    deep-extend "^0.6.0"
    ini "~1.3.0"
    minimist "^1.2.0"
    strip-json-comments "~2.0.1"

read-package-up@^11.0.0:
  version "11.0.0"
  resolved "https://registry.yarnpkg.com/read-package-up/-/read-package-up-11.0.0.tgz#71fb879fdaac0e16891e6e666df22de24a48d5ba"
  integrity sha512-MbgfoNPANMdb4oRBNg5eqLbB2t2r+o5Ua1pNt8BqGp4I0FJZhuVSOj3PaBPni4azWuSzEdNn2evevzVmEk1ohQ==
  dependencies:
    find-up-simple "^1.0.0"
    read-pkg "^9.0.0"
    type-fest "^4.6.0"

read-pkg@^9.0.0:
  version "9.0.1"
  resolved "https://registry.yarnpkg.com/read-pkg/-/read-pkg-9.0.1.tgz#b1b81fb15104f5dbb121b6bbdee9bbc9739f569b"
  integrity sha512-9viLL4/n1BJUCT1NXVTdS1jtm80yDEgR5T4yCelII49Mbj0v1rZdKqj7zCiYdbB0CuCgdrvHcNogAKTFPBocFA==
  dependencies:
    "@types/normalize-package-data" "^2.4.3"
    normalize-package-data "^6.0.0"
    parse-json "^8.0.0"
    type-fest "^4.6.0"
    unicorn-magic "^0.1.0"

registry-auth-token@3.3.2:
  version "3.3.2"
  resolved "https://registry.yarnpkg.com/registry-auth-token/-/registry-auth-token-3.3.2.tgz#851fd49038eecb586911115af845260eec983f20"
  integrity sha512-JL39c60XlzCVgNrO+qq68FoNb56w/m7JYvGR2jT5iR1xBrUA3Mfx5Twk5rqTThPmQKMWydGmq8oFtDlxfrmxnQ==
  dependencies:
    rc "^1.1.6"
    safe-buffer "^5.0.1"

registry-url@3.1.0:
  version "3.1.0"
  resolved "https://registry.yarnpkg.com/registry-url/-/registry-url-3.1.0.tgz#3d4ef870f73dde1d77f0cf9a381432444e174942"
  integrity sha512-ZbgR5aZEdf4UKZVBPYIgaglBmSF2Hi94s2PcIHhRGFjKYu+chjJdYfHn4rt3hB6eCKLJ8giVIIfgMa1ehDfZKA==
  dependencies:
    rc "^1.0.1"

require-from-string@^2.0.2:
  version "2.0.2"
  resolved "https://registry.yarnpkg.com/require-from-string/-/require-from-string-2.0.2.tgz#89a7fdd938261267318eafe14f9c32e598c36909"
  integrity sha512-Xf0nWe6RseziFMu+Ap9biiUbmplq6S9/p+7w7YXP/JBHhrUDDUhwa+vANyubuqfZWTveU//DYVGsDG7RKL/vEw==

safe-buffer@5.1.2:
  version "5.1.2"
  resolved "https://registry.yarnpkg.com/safe-buffer/-/safe-buffer-5.1.2.tgz#991ec69d296e0313747d59bdfd2b745c35f8828d"
  integrity sha512-Gd2UZBJDkXlY7GbJxfsE8/nvKkUEU1G38c1siN6QP6a9PT9MmHB8GnpscSmMJSoF8LOIrt8ud/wPtojys4G6+g==

safe-buffer@^5.0.1:
  version "5.2.1"
  resolved "https://registry.yarnpkg.com/safe-buffer/-/safe-buffer-5.2.1.tgz#1eaf9fa9bdb1fdd4ec75f58f9cdb4e6b7827eec6"
  integrity sha512-rp3So07KcdmmKbGvgaNxQSJr7bGVSVk5S9Eq1F+ppbRo70+YeaDxkw5Dd8NPN+GD6bjnYm2VuPuCXmpuYvmCXQ==

semver@^7.3.5, semver@^7.5.2:
  version "7.6.2"
  resolved "https://registry.yarnpkg.com/semver/-/semver-7.6.2.tgz#1e3b34759f896e8f14d6134732ce798aeb0c6e13"
  integrity sha512-FNAIBWCx9qcRhoHcgcJ0gvU7SN1lYU2ZXuSfl04bSC5OpvDHFyJCjdNHomPXxjQlCBU67YW64PzY7/VIEH7F2w==

serve-handler@6.1.5:
  version "6.1.5"
  resolved "https://registry.yarnpkg.com/serve-handler/-/serve-handler-6.1.5.tgz#a4a0964f5c55c7e37a02a633232b6f0d6f068375"
  integrity sha512-ijPFle6Hwe8zfmBxJdE+5fta53fdIY0lHISJvuikXB3VYFafRjMRpOffSPvCYsbKyBA7pvy9oYr/BT1O3EArlg==
  dependencies:
    bytes "3.0.0"
    content-disposition "0.5.2"
    fast-url-parser "1.1.3"
    mime-types "2.1.18"
    minimatch "3.1.2"
    path-is-inside "1.0.2"
    path-to-regexp "2.2.1"
    range-parser "1.2.0"

serve@^14.2.3:
  version "14.2.3"
  resolved "https://registry.yarnpkg.com/serve/-/serve-14.2.3.tgz#047ba2b349354255bc09e0332cd41a92787836c9"
  integrity sha512-VqUFMC7K3LDGeGnJM9h56D3XGKb6KGgOw0cVNtA26yYXHCcpxf3xwCTUaQoWlVS7i8Jdh3GjQkOB23qsXyjoyQ==
  dependencies:
    "@zeit/schemas" "2.36.0"
    ajv "8.12.0"
    arg "5.0.2"
    boxen "7.0.0"
    chalk "5.0.1"
    chalk-template "0.4.0"
    clipboardy "3.0.0"
    compression "1.7.4"
    is-port-reachable "4.0.0"
    serve-handler "6.1.5"
    update-check "1.5.4"

shebang-command@^2.0.0:
  version "2.0.0"
  resolved "https://registry.yarnpkg.com/shebang-command/-/shebang-command-2.0.0.tgz#ccd0af4f8835fbdc265b82461aaf0c36663f34ea"
  integrity sha512-kHxr2zZpYtdmrN1qDjrrX/Z1rR1kG8Dx+gkpK1G4eXmvXswmcE1hTWBWYUzlraYw1/yZp6YuDY77YtvbN0dmDA==
  dependencies:
    shebang-regex "^3.0.0"

shebang-regex@^3.0.0:
  version "3.0.0"
  resolved "https://registry.yarnpkg.com/shebang-regex/-/shebang-regex-3.0.0.tgz#ae16f1644d873ecad843b0307b143362d4c42172"
  integrity sha512-7++dFhtcx3353uBaq8DDR4NuxBetBzC7ZQOhmTQInHEd6bSrXdiEyzCvG07Z44UYdLShWUyXt5M/yhz8ekcb1A==

signal-exit@^3.0.3:
  version "3.0.7"
  resolved "https://registry.yarnpkg.com/signal-exit/-/signal-exit-3.0.7.tgz#a9a1767f8af84155114eaabd73f99273c8f59ad9"
  integrity sha512-wnD2ZE+l+SPC/uoS0vXeE9L1+0wuaMqKlfz9AMUo38JsyLSBWSFcHR1Rri62LZc12vLr1gb3jl7iwQhgwpAbGQ==

source-map@^0.6.1:
  version "0.6.1"
  resolved "https://registry.yarnpkg.com/source-map/-/source-map-0.6.1.tgz#74722af32e9614e9c287a8d0bbde48b5e2f1a263"
  integrity sha512-UjgapumWlbMhkBgzT7Ykc5YXUT46F0iKu8SGXq0bcwP5dz/h0Plj6enJqjz1Zbq2l5WaqYnrVbwWOWMyF3F47g==

spdx-correct@^3.0.0:
  version "3.2.0"
  resolved "https://registry.yarnpkg.com/spdx-correct/-/spdx-correct-3.2.0.tgz#4f5ab0668f0059e34f9c00dce331784a12de4e9c"
  integrity sha512-kN9dJbvnySHULIluDHy32WHRUu3Og7B9sbY7tsFLctQkIqnMh3hErYgdMjTYuqmcXX+lK5T1lnUt3G7zNswmZA==
  dependencies:
    spdx-expression-parse "^3.0.0"
    spdx-license-ids "^3.0.0"

spdx-exceptions@^2.1.0:
  version "2.5.0"
  resolved "https://registry.yarnpkg.com/spdx-exceptions/-/spdx-exceptions-2.5.0.tgz#5d607d27fc806f66d7b64a766650fa890f04ed66"
  integrity sha512-PiU42r+xO4UbUS1buo3LPJkjlO7430Xn5SVAhdpzzsPHsjbYVflnnFdATgabnLude+Cqu25p6N+g2lw/PFsa4w==

spdx-expression-parse@^3.0.0:
  version "3.0.1"
  resolved "https://registry.yarnpkg.com/spdx-expression-parse/-/spdx-expression-parse-3.0.1.tgz#cf70f50482eefdc98e3ce0a6833e4a53ceeba679"
  integrity sha512-cbqHunsQWnJNE6KhVSMsMeH5H/L9EpymbzqTQ3uLwNCLZ1Q481oWaofqH7nO6V07xlXwY6PhQdQ2IedWx/ZK4Q==
  dependencies:
    spdx-exceptions "^2.1.0"
    spdx-license-ids "^3.0.0"

spdx-license-ids@^3.0.0:
  version "3.0.18"
  resolved "https://registry.yarnpkg.com/spdx-license-ids/-/spdx-license-ids-3.0.18.tgz#22aa922dcf2f2885a6494a261f2d8b75345d0326"
  integrity sha512-xxRs31BqRYHwiMzudOrpSiHtZ8i/GeionCBDSilhYRj+9gIcI8wCZTlXZKu9vZIVqViP3dcp9qE5G6AlIaD+TQ==

string-width@^4.1.0:
  version "4.2.3"
  resolved "https://registry.yarnpkg.com/string-width/-/string-width-4.2.3.tgz#269c7117d27b05ad2e536830a8ec895ef9c6d010"
  integrity sha512-wKyQRQpjJ0sIp62ErSZdGsjMJWsap5oRNihHhu6G7JVO/9jIB6UyevL+tXuOqrng8j/cxKTWyWUwvSTriiZz/g==
  dependencies:
    emoji-regex "^8.0.0"
    is-fullwidth-code-point "^3.0.0"
    strip-ansi "^6.0.1"

string-width@^5.0.1, string-width@^5.1.2:
  version "5.1.2"
  resolved "https://registry.yarnpkg.com/string-width/-/string-width-5.1.2.tgz#14f8daec6d81e7221d2a357e668cab73bdbca794"
  integrity sha512-HnLOCR3vjcY8beoNLtcjZ5/nxn2afmME6lhrDrebokqMap+XbeW8n9TXpPDOqdGK5qcI3oT0GKTW6wC7EMiVqA==
  dependencies:
    eastasianwidth "^0.2.0"
    emoji-regex "^9.2.2"
    strip-ansi "^7.0.1"

strip-ansi@^6.0.1:
  version "6.0.1"
  resolved "https://registry.yarnpkg.com/strip-ansi/-/strip-ansi-6.0.1.tgz#9e26c63d30f53443e9489495b2105d37b67a85d9"
  integrity sha512-Y38VPSHcqkFrCpFnQ9vuSXmquuv5oXOKpGeT6aGrr3o3Gc9AlVa6JBfUSOCnbxGGZF+/0ooI7KrPuUSztUdU5A==
  dependencies:
    ansi-regex "^5.0.1"

strip-ansi@^7.0.1:
  version "7.1.0"
  resolved "https://registry.yarnpkg.com/strip-ansi/-/strip-ansi-7.1.0.tgz#d5b6568ca689d8561370b0707685d22434faff45"
  integrity sha512-iq6eVVI64nQQTRYq2KtEg2d2uU7LElhTJwsH4YzIHZshxlgZms/wIc4VoDQTlG/IvVIrBKG06CrZnp0qv7hkcQ==
  dependencies:
    ansi-regex "^6.0.1"

strip-final-newline@^2.0.0:
  version "2.0.0"
  resolved "https://registry.yarnpkg.com/strip-final-newline/-/strip-final-newline-2.0.0.tgz#89b852fb2fcbe936f6f4b3187afb0a12c1ab58ad"
  integrity sha512-BrpvfNAE3dcvq7ll3xVumzjKjZQ5tI1sEUIKr3Uoks0XUl45St3FlatVqef9prk4jRDzhW6WZg+3bk93y6pLjA==

strip-json-comments@~2.0.1:
  version "2.0.1"
  resolved "https://registry.yarnpkg.com/strip-json-comments/-/strip-json-comments-2.0.1.tgz#3c531942e908c2697c0ec344858c286c7ca0a60a"
  integrity sha512-4gB8na07fecVVkOI6Rs4e7T6NOTki5EmL7TUduTs6bu3EdnSycntVJ4re8kgZA+wx9IueI2Y11bfbgwtzuE0KQ==

supports-color@^5.3.0:
  version "5.5.0"
  resolved "https://registry.yarnpkg.com/supports-color/-/supports-color-5.5.0.tgz#e2e69a44ac8772f78a1ec0b35b689df6530efc8f"
  integrity sha512-QjVjwdXIt408MIiAqCX4oUKsgU2EqAGzs2Ppkm4aQYbjm+ZEWEcW4SfFNTr4uMNZma0ey4f5lgLrkB0aX0QMow==
  dependencies:
    has-flag "^3.0.0"

supports-color@^7.1.0:
  version "7.2.0"
  resolved "https://registry.yarnpkg.com/supports-color/-/supports-color-7.2.0.tgz#1b7dcdcb32b8138801b3e478ba6a51caa89648da"
  integrity sha512-qpCAvRl9stuOHveKsn7HncJRvv501qIacKzQlO/+Lwxc9+0q2wLyv4Dfvt80/DPn2pqOBsJdDiogXGR9+OvwRw==
  dependencies:
    has-flag "^4.0.0"

type-fest@^2.13.0:
  version "2.19.0"
  resolved "https://registry.yarnpkg.com/type-fest/-/type-fest-2.19.0.tgz#88068015bb33036a598b952e55e9311a60fd3a9b"
  integrity sha512-RAH822pAdBgcNMAfWnCBU3CFZcfZ/i1eZjwFU/dsLKumyuuP3niueg2UAukXYF0E2AAoc82ZSSf9J0WQBinzHA==

type-fest@^4.6.0, type-fest@^4.7.1:
  version "4.20.0"
  resolved "https://registry.yarnpkg.com/type-fest/-/type-fest-4.20.0.tgz#019becf5a97cd58eee93f592f0961859a74482a7"
  integrity sha512-MBh+PHUHHisjXf4tlx0CFWoMdjx8zCMLJHOjnV1prABYZFHqtFOyauCIK2/7w4oIfwkF8iNhLtnJEfVY2vn3iw==

uglify-js@^3.1.4:
  version "3.17.4"
  resolved "https://registry.yarnpkg.com/uglify-js/-/uglify-js-3.17.4.tgz#61678cf5fa3f5b7eb789bb345df29afb8257c22c"
  integrity sha512-T9q82TJI9e/C1TAxYvfb16xO120tMVFZrGA3f9/P4424DNu6ypK103y0GPFVa17yotwSyZW5iYXgjYHkGrJW/g==

unicorn-magic@^0.1.0:
  version "0.1.0"
  resolved "https://registry.yarnpkg.com/unicorn-magic/-/unicorn-magic-0.1.0.tgz#1bb9a51c823aaf9d73a8bfcd3d1a23dde94b0ce4"
  integrity sha512-lRfVq8fE8gz6QMBuDM6a+LO3IAzTi05H6gCVaUpir2E1Rwpo4ZUog45KpNXKC/Mn3Yb9UDuHumeFTo9iV/D9FQ==

update-check@1.5.4:
  version "1.5.4"
  resolved "https://registry.yarnpkg.com/update-check/-/update-check-1.5.4.tgz#5b508e259558f1ad7dbc8b4b0457d4c9d28c8743"
  integrity sha512-5YHsflzHP4t1G+8WGPlvKbJEbAJGCgw+Em+dGR1KmBUbr1J36SJBqlHLjR7oob7sco5hWHGQVcr9B2poIVDDTQ==
  dependencies:
    registry-auth-token "3.3.2"
    registry-url "3.1.0"

uri-js@^4.2.2:
  version "4.4.1"
  resolved "https://registry.yarnpkg.com/uri-js/-/uri-js-4.4.1.tgz#9b1a52595225859e55f669d928f88c6c57f2a77e"
  integrity sha512-7rKUyy33Q1yc98pQ1DAmLtwX109F7TIfWlW1Ydo8Wl1ii1SeHieeh0HHfPeL2fMXK6z0s8ecKs9frCuLJvndBg==
  dependencies:
    punycode "^2.1.0"

validate-npm-package-license@^3.0.4:
  version "3.0.4"
  resolved "https://registry.yarnpkg.com/validate-npm-package-license/-/validate-npm-package-license-3.0.4.tgz#fc91f6b9c7ba15c857f4cb2c5defeec39d4f410a"
  integrity sha512-DpKm2Ui/xN7/HQKCtpZxoRWBhZ9Z0kqtygG8XCgNQ8ZlDnxuQmWhj566j8fN4Cu3/JmbhsDo7fcAJq4s9h27Ew==
  dependencies:
    spdx-correct "^3.0.0"
    spdx-expression-parse "^3.0.0"

vary@~1.1.2:
  version "1.1.2"
  resolved "https://registry.yarnpkg.com/vary/-/vary-1.1.2.tgz#2299f02c6ded30d4a5961b0b9f74524a18f634fc"
  integrity sha512-BNGbWLfd0eUPabhkXUVm0j8uuvREyTh5ovRa/dyow/BqAbZJyC+5fU+IzQOzmAKzYqYRAISoRhdQr3eIZ/PXqg==

which@^2.0.1:
  version "2.0.2"
  resolved "https://registry.yarnpkg.com/which/-/which-2.0.2.tgz#7c6a8dd0a636a0327e10b59c9286eee93f3f51b1"
  integrity sha512-BLI3Tl1TW3Pvl70l3yq3Y64i+awpwXqsGBYWkkqMtnbXgrMD+yj7rhW0kuEDxzJaYXGjEW5ogapKNMEKNMjibA==
  dependencies:
    isexe "^2.0.0"

widest-line@^4.0.1:
  version "4.0.1"
  resolved "https://registry.yarnpkg.com/widest-line/-/widest-line-4.0.1.tgz#a0fc673aaba1ea6f0a0d35b3c2795c9a9cc2ebf2"
  integrity sha512-o0cyEG0e8GPzT4iGHphIOh0cJOV8fivsXxddQasHPHfoZf1ZexrfeA21w2NaEN1RHE+fXlfISmOE8R9N3u3Qig==
  dependencies:
    string-width "^5.0.1"

wordwrap@^1.0.0:
  version "1.0.0"
  resolved "https://registry.yarnpkg.com/wordwrap/-/wordwrap-1.0.0.tgz#27584810891456a4171c8d0226441ade90cbcaeb"
  integrity sha512-gvVzJFlPycKc5dZN4yPkP8w7Dc37BtP1yczEneOb4uq34pXZcvrtRTmWV8W+Ume+XCxKgbjM+nevkyFPMybd4Q==

wrap-ansi@^8.0.1:
  version "8.1.0"
  resolved "https://registry.yarnpkg.com/wrap-ansi/-/wrap-ansi-8.1.0.tgz#56dc22368ee570face1b49819975d9b9a5ead214"
  integrity sha512-si7QWI6zUMq56bESFvagtmzMdGOtoxfR+Sez11Mobfc7tm+VkUckk9bW2UeffTGVUbOksxmSw0AA2gs8g71NCQ==
  dependencies:
    ansi-styles "^6.1.0"
    string-width "^5.0.1"
    strip-ansi "^7.0.1"
